// !$*UTF8*$!
{
	archiveVersion = 1;
	classes = {
	};
	objectVersion = 46;
	objects = {

/* Begin PBXBuildFile section */
		13FD3FFB5BDE742294178B75 /* Pods_Dear_Watson.framework in Frameworks */ = {isa = PBXBuildFile; fileRef = C5F832A27A8575F21C9B3837 /* Pods_Dear_Watson.framework */; };
		2E74A06C0CB50D5873098BB7 /* Pods_Dear_WatsonUITests.framework in Frameworks */ = {isa = PBXBuildFile; fileRef = 266898CAF6FBB31FCE81F9AD /* Pods_Dear_WatsonUITests.framework */; };
		4CD657A5345BB45A90FEB3C8 /* Pods_Dear_WatsonTests.framework in Frameworks */ = {isa = PBXBuildFile; fileRef = 9280D8B8CF70FBB02ADFAB31 /* Pods_Dear_WatsonTests.framework */; };
		7F0750FF1F21080A00C3731F /* AppleSpeechController.swift in Sources */ = {isa = PBXBuildFile; fileRef = 7F0750FC1F21080A00C3731F /* AppleSpeechController.swift */; };
		7F0751001F21080A00C3731F /* ColorSchemer.swift in Sources */ = {isa = PBXBuildFile; fileRef = 7F0750FD1F21080A00C3731F /* ColorSchemer.swift */; };
		7F0751011F21080A00C3731F /* InfoViewController.swift in Sources */ = {isa = PBXBuildFile; fileRef = 7F0750FE1F21080A00C3731F /* InfoViewController.swift */; };
		7F1F10C41F2108E100580ED8 /* JournalListViewController.swift in Sources */ = {isa = PBXBuildFile; fileRef = 7F1F10C31F2108E100580ED8 /* JournalListViewController.swift */; };
		7F1F10C61F2108E600580ED8 /* JournalInputViewController.swift in Sources */ = {isa = PBXBuildFile; fileRef = 7F1F10C51F2108E600580ED8 /* JournalInputViewController.swift */; };
		7F1F10C81F2108EE00580ED8 /* PersonInformationViewController.swift in Sources */ = {isa = PBXBuildFile; fileRef = 7F1F10C71F2108EE00580ED8 /* PersonInformationViewController.swift */; };
		7F1F10CA1F210A1300580ED8 /* JournalEntryTableViewCell.swift in Sources */ = {isa = PBXBuildFile; fileRef = 7F1F10C91F210A1300580ED8 /* JournalEntryTableViewCell.swift */; };
		7F78BFC81F21077F00BA64C0 /* AppDelegate.swift in Sources */ = {isa = PBXBuildFile; fileRef = 7F78BFC71F21077F00BA64C0 /* AppDelegate.swift */; };
		7F78BFCD1F21077F00BA64C0 /* Main.storyboard in Resources */ = {isa = PBXBuildFile; fileRef = 7F78BFCB1F21077F00BA64C0 /* Main.storyboard */; };
		7F78BFD01F21077F00BA64C0 /* Dear_Watson.xcdatamodeld in Sources */ = {isa = PBXBuildFile; fileRef = 7F78BFCE1F21077F00BA64C0 /* Dear_Watson.xcdatamodeld */; };
		7F78BFD21F21077F00BA64C0 /* Assets.xcassets in Resources */ = {isa = PBXBuildFile; fileRef = 7F78BFD11F21077F00BA64C0 /* Assets.xcassets */; };
		7F78BFD51F21077F00BA64C0 /* LaunchScreen.storyboard in Resources */ = {isa = PBXBuildFile; fileRef = 7F78BFD31F21077F00BA64C0 /* LaunchScreen.storyboard */; };
		7F78BFE01F21077F00BA64C0 /* Dear_WatsonTests.swift in Sources */ = {isa = PBXBuildFile; fileRef = 7F78BFDF1F21077F00BA64C0 /* Dear_WatsonTests.swift */; };
		7F78BFEB1F21077F00BA64C0 /* Dear_WatsonUITests.swift in Sources */ = {isa = PBXBuildFile; fileRef = 7F78BFEA1F21077F00BA64C0 /* Dear_WatsonUITests.swift */; };
		BB4460221F21352C0018542A /* PhraseGenerator.swift in Sources */ = {isa = PBXBuildFile; fileRef = BB4460211F21352C0018542A /* PhraseGenerator.swift */; };
		BBBEA7321F21A2F4004F37F3 /* EmotionAnalyzer.swift in Sources */ = {isa = PBXBuildFile; fileRef = BBBEA7311F21A2E4004F37F3 /* EmotionAnalyzer.swift */; };
/* End PBXBuildFile section */

/* Begin PBXContainerItemProxy section */
		7F78BFDC1F21077F00BA64C0 /* PBXContainerItemProxy */ = {
			isa = PBXContainerItemProxy;
			containerPortal = 7F78BFBC1F21077F00BA64C0 /* Project object */;
			proxyType = 1;
			remoteGlobalIDString = 7F78BFC31F21077F00BA64C0;
			remoteInfo = "Dear Watson";
		};
		7F78BFE71F21077F00BA64C0 /* PBXContainerItemProxy */ = {
			isa = PBXContainerItemProxy;
			containerPortal = 7F78BFBC1F21077F00BA64C0 /* Project object */;
			proxyType = 1;
			remoteGlobalIDString = 7F78BFC31F21077F00BA64C0;
			remoteInfo = "Dear Watson";
		};
/* End PBXContainerItemProxy section */

/* Begin PBXFileReference section */
		0D06661A2D5D0D90BD6DAB38 /* Pods-Dear WatsonTests.debug.xcconfig */ = {isa = PBXFileReference; includeInIndex = 1; lastKnownFileType = text.xcconfig; name = "Pods-Dear WatsonTests.debug.xcconfig"; path = "Pods/Target Support Files/Pods-Dear WatsonTests/Pods-Dear WatsonTests.debug.xcconfig"; sourceTree = "<group>"; };
		266898CAF6FBB31FCE81F9AD /* Pods_Dear_WatsonUITests.framework */ = {isa = PBXFileReference; explicitFileType = wrapper.framework; includeInIndex = 0; path = Pods_Dear_WatsonUITests.framework; sourceTree = BUILT_PRODUCTS_DIR; };
		34829CA86F658B1CB84A3464 /* Pods-Dear Watson.debug.xcconfig */ = {isa = PBXFileReference; includeInIndex = 1; lastKnownFileType = text.xcconfig; name = "Pods-Dear Watson.debug.xcconfig"; path = "Pods/Target Support Files/Pods-Dear Watson/Pods-Dear Watson.debug.xcconfig"; sourceTree = "<group>"; };
		7F0750FC1F21080A00C3731F /* AppleSpeechController.swift */ = {isa = PBXFileReference; fileEncoding = 4; lastKnownFileType = sourcecode.swift; path = AppleSpeechController.swift; sourceTree = "<group>"; };
		7F0750FD1F21080A00C3731F /* ColorSchemer.swift */ = {isa = PBXFileReference; fileEncoding = 4; lastKnownFileType = sourcecode.swift; path = ColorSchemer.swift; sourceTree = "<group>"; };
		7F0750FE1F21080A00C3731F /* InfoViewController.swift */ = {isa = PBXFileReference; fileEncoding = 4; lastKnownFileType = sourcecode.swift; path = InfoViewController.swift; sourceTree = "<group>"; };
		7F1F10C31F2108E100580ED8 /* JournalListViewController.swift */ = {isa = PBXFileReference; lastKnownFileType = sourcecode.swift; path = JournalListViewController.swift; sourceTree = "<group>"; };
		7F1F10C51F2108E600580ED8 /* JournalInputViewController.swift */ = {isa = PBXFileReference; lastKnownFileType = sourcecode.swift; path = JournalInputViewController.swift; sourceTree = "<group>"; };
		7F1F10C71F2108EE00580ED8 /* PersonInformationViewController.swift */ = {isa = PBXFileReference; lastKnownFileType = sourcecode.swift; path = PersonInformationViewController.swift; sourceTree = "<group>"; };
		7F1F10C91F210A1300580ED8 /* JournalEntryTableViewCell.swift */ = {isa = PBXFileReference; lastKnownFileType = sourcecode.swift; path = JournalEntryTableViewCell.swift; sourceTree = "<group>"; };
		7F78BFC41F21077F00BA64C0 /* Dear Watson.app */ = {isa = PBXFileReference; explicitFileType = wrapper.application; includeInIndex = 0; path = "Dear Watson.app"; sourceTree = BUILT_PRODUCTS_DIR; };
		7F78BFC71F21077F00BA64C0 /* AppDelegate.swift */ = {isa = PBXFileReference; lastKnownFileType = sourcecode.swift; path = AppDelegate.swift; sourceTree = "<group>"; };
		7F78BFCC1F21077F00BA64C0 /* Base */ = {isa = PBXFileReference; lastKnownFileType = file.storyboard; name = Base; path = Base.lproj/Main.storyboard; sourceTree = "<group>"; };
		7F78BFCF1F21077F00BA64C0 /* Dear_Watson.xcdatamodel */ = {isa = PBXFileReference; lastKnownFileType = wrapper.xcdatamodel; path = Dear_Watson.xcdatamodel; sourceTree = "<group>"; };
		7F78BFD11F21077F00BA64C0 /* Assets.xcassets */ = {isa = PBXFileReference; lastKnownFileType = folder.assetcatalog; path = Assets.xcassets; sourceTree = "<group>"; };
		7F78BFD41F21077F00BA64C0 /* Base */ = {isa = PBXFileReference; lastKnownFileType = file.storyboard; name = Base; path = Base.lproj/LaunchScreen.storyboard; sourceTree = "<group>"; };
		7F78BFD61F21077F00BA64C0 /* Info.plist */ = {isa = PBXFileReference; lastKnownFileType = text.plist.xml; path = Info.plist; sourceTree = "<group>"; };
		7F78BFDB1F21077F00BA64C0 /* Dear WatsonTests.xctest */ = {isa = PBXFileReference; explicitFileType = wrapper.cfbundle; includeInIndex = 0; path = "Dear WatsonTests.xctest"; sourceTree = BUILT_PRODUCTS_DIR; };
		7F78BFDF1F21077F00BA64C0 /* Dear_WatsonTests.swift */ = {isa = PBXFileReference; lastKnownFileType = sourcecode.swift; path = Dear_WatsonTests.swift; sourceTree = "<group>"; };
		7F78BFE11F21077F00BA64C0 /* Info.plist */ = {isa = PBXFileReference; lastKnownFileType = text.plist.xml; path = Info.plist; sourceTree = "<group>"; };
		7F78BFE61F21077F00BA64C0 /* Dear WatsonUITests.xctest */ = {isa = PBXFileReference; explicitFileType = wrapper.cfbundle; includeInIndex = 0; path = "Dear WatsonUITests.xctest"; sourceTree = BUILT_PRODUCTS_DIR; };
		7F78BFEA1F21077F00BA64C0 /* Dear_WatsonUITests.swift */ = {isa = PBXFileReference; lastKnownFileType = sourcecode.swift; path = Dear_WatsonUITests.swift; sourceTree = "<group>"; };
		7F78BFEC1F21077F00BA64C0 /* Info.plist */ = {isa = PBXFileReference; lastKnownFileType = text.plist.xml; path = Info.plist; sourceTree = "<group>"; };
		864DE619BDA53C58C1E7780A /* Pods-Dear Watson.release.xcconfig */ = {isa = PBXFileReference; includeInIndex = 1; lastKnownFileType = text.xcconfig; name = "Pods-Dear Watson.release.xcconfig"; path = "Pods/Target Support Files/Pods-Dear Watson/Pods-Dear Watson.release.xcconfig"; sourceTree = "<group>"; };
		9280D8B8CF70FBB02ADFAB31 /* Pods_Dear_WatsonTests.framework */ = {isa = PBXFileReference; explicitFileType = wrapper.framework; includeInIndex = 0; path = Pods_Dear_WatsonTests.framework; sourceTree = BUILT_PRODUCTS_DIR; };
		BB4460211F21352C0018542A /* PhraseGenerator.swift */ = {isa = PBXFileReference; fileEncoding = 4; lastKnownFileType = sourcecode.swift; path = PhraseGenerator.swift; sourceTree = "<group>"; };
		BBBEA7311F21A2E4004F37F3 /* EmotionAnalyzer.swift */ = {isa = PBXFileReference; lastKnownFileType = sourcecode.swift; path = EmotionAnalyzer.swift; sourceTree = "<group>"; };
		C5F832A27A8575F21C9B3837 /* Pods_Dear_Watson.framework */ = {isa = PBXFileReference; explicitFileType = wrapper.framework; includeInIndex = 0; path = Pods_Dear_Watson.framework; sourceTree = BUILT_PRODUCTS_DIR; };
		D25DDE9059A3E99FBA40BD35 /* Pods-Dear WatsonUITests.release.xcconfig */ = {isa = PBXFileReference; includeInIndex = 1; lastKnownFileType = text.xcconfig; name = "Pods-Dear WatsonUITests.release.xcconfig"; path = "Pods/Target Support Files/Pods-Dear WatsonUITests/Pods-Dear WatsonUITests.release.xcconfig"; sourceTree = "<group>"; };
		DF39162549A0998CD50C0C87 /* Pods-Dear WatsonTests.release.xcconfig */ = {isa = PBXFileReference; includeInIndex = 1; lastKnownFileType = text.xcconfig; name = "Pods-Dear WatsonTests.release.xcconfig"; path = "Pods/Target Support Files/Pods-Dear WatsonTests/Pods-Dear WatsonTests.release.xcconfig"; sourceTree = "<group>"; };
		EC24F6CCA9DE4C6156CDAB74 /* Pods-Dear WatsonUITests.debug.xcconfig */ = {isa = PBXFileReference; includeInIndex = 1; lastKnownFileType = text.xcconfig; name = "Pods-Dear WatsonUITests.debug.xcconfig"; path = "Pods/Target Support Files/Pods-Dear WatsonUITests/Pods-Dear WatsonUITests.debug.xcconfig"; sourceTree = "<group>"; };
/* End PBXFileReference section */

/* Begin PBXFrameworksBuildPhase section */
		7F78BFC11F21077F00BA64C0 /* Frameworks */ = {
			isa = PBXFrameworksBuildPhase;
			buildActionMask = 2147483647;
			files = (
				13FD3FFB5BDE742294178B75 /* Pods_Dear_Watson.framework in Frameworks */,
			);
			runOnlyForDeploymentPostprocessing = 0;
		};
		7F78BFD81F21077F00BA64C0 /* Frameworks */ = {
			isa = PBXFrameworksBuildPhase;
			buildActionMask = 2147483647;
			files = (
				4CD657A5345BB45A90FEB3C8 /* Pods_Dear_WatsonTests.framework in Frameworks */,
			);
			runOnlyForDeploymentPostprocessing = 0;
		};
		7F78BFE31F21077F00BA64C0 /* Frameworks */ = {
			isa = PBXFrameworksBuildPhase;
			buildActionMask = 2147483647;
			files = (
				2E74A06C0CB50D5873098BB7 /* Pods_Dear_WatsonUITests.framework in Frameworks */,
			);
			runOnlyForDeploymentPostprocessing = 0;
		};
/* End PBXFrameworksBuildPhase section */

/* Begin PBXGroup section */
		2615254B895DB5B2848F7EC8 /* Pods */ = {
			isa = PBXGroup;
			children = (
				34829CA86F658B1CB84A3464 /* Pods-Dear Watson.debug.xcconfig */,
				864DE619BDA53C58C1E7780A /* Pods-Dear Watson.release.xcconfig */,
				0D06661A2D5D0D90BD6DAB38 /* Pods-Dear WatsonTests.debug.xcconfig */,
				DF39162549A0998CD50C0C87 /* Pods-Dear WatsonTests.release.xcconfig */,
				EC24F6CCA9DE4C6156CDAB74 /* Pods-Dear WatsonUITests.debug.xcconfig */,
				D25DDE9059A3E99FBA40BD35 /* Pods-Dear WatsonUITests.release.xcconfig */,
			);
			name = Pods;
			sourceTree = "<group>";
		};
		7F78BFBB1F21077F00BA64C0 = {
			isa = PBXGroup;
			children = (
				7F78BFC61F21077F00BA64C0 /* Dear Watson */,
				7F78BFDE1F21077F00BA64C0 /* Dear WatsonTests */,
				7F78BFE91F21077F00BA64C0 /* Dear WatsonUITests */,
				7F78BFC51F21077F00BA64C0 /* Products */,
				2615254B895DB5B2848F7EC8 /* Pods */,
				E478206A2A6427900282B188 /* Frameworks */,
			);
			sourceTree = "<group>";
		};
		7F78BFC51F21077F00BA64C0 /* Products */ = {
			isa = PBXGroup;
			children = (
				7F78BFC41F21077F00BA64C0 /* Dear Watson.app */,
				7F78BFDB1F21077F00BA64C0 /* Dear WatsonTests.xctest */,
				7F78BFE61F21077F00BA64C0 /* Dear WatsonUITests.xctest */,
			);
			name = Products;
			sourceTree = "<group>";
		};
		7F78BFC61F21077F00BA64C0 /* Dear Watson */ = {
			isa = PBXGroup;
			children = (
				BB4460211F21352C0018542A /* PhraseGenerator.swift */,
				7F78BFC71F21077F00BA64C0 /* AppDelegate.swift */,
				7F78BFCB1F21077F00BA64C0 /* Main.storyboard */,
				7F1F10C91F210A1300580ED8 /* JournalEntryTableViewCell.swift */,
				7F1F10C31F2108E100580ED8 /* JournalListViewController.swift */,
				7F1F10C51F2108E600580ED8 /* JournalInputViewController.swift */,
				7F1F10C71F2108EE00580ED8 /* PersonInformationViewController.swift */,
				7F0750FC1F21080A00C3731F /* AppleSpeechController.swift */,
				BBBEA7311F21A2E4004F37F3 /* EmotionAnalyzer.swift */,
				7F0750FD1F21080A00C3731F /* ColorSchemer.swift */,
				7F0750FE1F21080A00C3731F /* InfoViewController.swift */,
				7F78BFD11F21077F00BA64C0 /* Assets.xcassets */,
				7F78BFD31F21077F00BA64C0 /* LaunchScreen.storyboard */,
				7F78BFD61F21077F00BA64C0 /* Info.plist */,
				7F78BFCE1F21077F00BA64C0 /* Dear_Watson.xcdatamodeld */,
			);
			path = "Dear Watson";
			sourceTree = "<group>";
		};
		7F78BFDE1F21077F00BA64C0 /* Dear WatsonTests */ = {
			isa = PBXGroup;
			children = (
				7F78BFDF1F21077F00BA64C0 /* Dear_WatsonTests.swift */,
				7F78BFE11F21077F00BA64C0 /* Info.plist */,
			);
			path = "Dear WatsonTests";
			sourceTree = "<group>";
		};
		7F78BFE91F21077F00BA64C0 /* Dear WatsonUITests */ = {
			isa = PBXGroup;
			children = (
				7F78BFEA1F21077F00BA64C0 /* Dear_WatsonUITests.swift */,
				7F78BFEC1F21077F00BA64C0 /* Info.plist */,
			);
			path = "Dear WatsonUITests";
			sourceTree = "<group>";
		};
		E478206A2A6427900282B188 /* Frameworks */ = {
			isa = PBXGroup;
			children = (
				C5F832A27A8575F21C9B3837 /* Pods_Dear_Watson.framework */,
				9280D8B8CF70FBB02ADFAB31 /* Pods_Dear_WatsonTests.framework */,
				266898CAF6FBB31FCE81F9AD /* Pods_Dear_WatsonUITests.framework */,
			);
			name = Frameworks;
			sourceTree = "<group>";
		};
/* End PBXGroup section */

/* Begin PBXNativeTarget section */
		7F78BFC31F21077F00BA64C0 /* Dear Watson */ = {
			isa = PBXNativeTarget;
			buildConfigurationList = 7F78BFEF1F21077F00BA64C0 /* Build configuration list for PBXNativeTarget "Dear Watson" */;
			buildPhases = (
				D1EC0E1010A7207E18A11A4A /* [CP] Check Pods Manifest.lock */,
				7F78BFC01F21077F00BA64C0 /* Sources */,
				7F78BFC11F21077F00BA64C0 /* Frameworks */,
				7F78BFC21F21077F00BA64C0 /* Resources */,
				87B66265FAA46138395ADE0B /* [CP] Embed Pods Frameworks */,
				F0E06C4F9997FB4729051332 /* [CP] Copy Pods Resources */,
			);
			buildRules = (
			);
			dependencies = (
			);
			name = "Dear Watson";
			productName = "Dear Watson";
			productReference = 7F78BFC41F21077F00BA64C0 /* Dear Watson.app */;
			productType = "com.apple.product-type.application";
		};
		7F78BFDA1F21077F00BA64C0 /* Dear WatsonTests */ = {
			isa = PBXNativeTarget;
			buildConfigurationList = 7F78BFF21F21077F00BA64C0 /* Build configuration list for PBXNativeTarget "Dear WatsonTests" */;
			buildPhases = (
				455A6F57A7DB80719CDA6119 /* [CP] Check Pods Manifest.lock */,
				7F78BFD71F21077F00BA64C0 /* Sources */,
				7F78BFD81F21077F00BA64C0 /* Frameworks */,
				7F78BFD91F21077F00BA64C0 /* Resources */,
				95EC905693D17B97388F60D7 /* [CP] Embed Pods Frameworks */,
				63FC24F644F9EF92F372A427 /* [CP] Copy Pods Resources */,
			);
			buildRules = (
			);
			dependencies = (
				7F78BFDD1F21077F00BA64C0 /* PBXTargetDependency */,
			);
			name = "Dear WatsonTests";
			productName = "Dear WatsonTests";
			productReference = 7F78BFDB1F21077F00BA64C0 /* Dear WatsonTests.xctest */;
			productType = "com.apple.product-type.bundle.unit-test";
		};
		7F78BFE51F21077F00BA64C0 /* Dear WatsonUITests */ = {
			isa = PBXNativeTarget;
			buildConfigurationList = 7F78BFF51F21077F00BA64C0 /* Build configuration list for PBXNativeTarget "Dear WatsonUITests" */;
			buildPhases = (
				B6D631B921459151860D69C5 /* [CP] Check Pods Manifest.lock */,
				7F78BFE21F21077F00BA64C0 /* Sources */,
				7F78BFE31F21077F00BA64C0 /* Frameworks */,
				7F78BFE41F21077F00BA64C0 /* Resources */,
				FE8B4B1573F0A7C4A03E03C3 /* [CP] Embed Pods Frameworks */,
				2E9DF7D9086FBD63D50B966D /* [CP] Copy Pods Resources */,
			);
			buildRules = (
			);
			dependencies = (
				7F78BFE81F21077F00BA64C0 /* PBXTargetDependency */,
			);
			name = "Dear WatsonUITests";
			productName = "Dear WatsonUITests";
			productReference = 7F78BFE61F21077F00BA64C0 /* Dear WatsonUITests.xctest */;
			productType = "com.apple.product-type.bundle.ui-testing";
		};
/* End PBXNativeTarget section */

/* Begin PBXProject section */
		7F78BFBC1F21077F00BA64C0 /* Project object */ = {
			isa = PBXProject;
			attributes = {
				LastSwiftUpdateCheck = 0830;
				LastUpgradeCheck = 0830;
				ORGANIZATIONNAME = "Avery Lamp";
				TargetAttributes = {
					7F78BFC31F21077F00BA64C0 = {
						CreatedOnToolsVersion = 8.3.3;
						DevelopmentTeam = 9XWYL3K4YT;
						ProvisioningStyle = Automatic;
					};
					7F78BFDA1F21077F00BA64C0 = {
						CreatedOnToolsVersion = 8.3.3;
						ProvisioningStyle = Automatic;
						TestTargetID = 7F78BFC31F21077F00BA64C0;
					};
					7F78BFE51F21077F00BA64C0 = {
						CreatedOnToolsVersion = 8.3.3;
						ProvisioningStyle = Automatic;
						TestTargetID = 7F78BFC31F21077F00BA64C0;
					};
				};
			};
			buildConfigurationList = 7F78BFBF1F21077F00BA64C0 /* Build configuration list for PBXProject "Dear Watson" */;
			compatibilityVersion = "Xcode 3.2";
			developmentRegion = English;
			hasScannedForEncodings = 0;
			knownRegions = (
				en,
				Base,
			);
			mainGroup = 7F78BFBB1F21077F00BA64C0;
			productRefGroup = 7F78BFC51F21077F00BA64C0 /* Products */;
			projectDirPath = "";
			projectRoot = "";
			targets = (
				7F78BFC31F21077F00BA64C0 /* Dear Watson */,
				7F78BFDA1F21077F00BA64C0 /* Dear WatsonTests */,
				7F78BFE51F21077F00BA64C0 /* Dear WatsonUITests */,
			);
		};
/* End PBXProject section */

/* Begin PBXResourcesBuildPhase section */
		7F78BFC21F21077F00BA64C0 /* Resources */ = {
			isa = PBXResourcesBuildPhase;
			buildActionMask = 2147483647;
			files = (
				7F78BFD51F21077F00BA64C0 /* LaunchScreen.storyboard in Resources */,
				7F78BFD21F21077F00BA64C0 /* Assets.xcassets in Resources */,
				7F78BFCD1F21077F00BA64C0 /* Main.storyboard in Resources */,
			);
			runOnlyForDeploymentPostprocessing = 0;
		};
		7F78BFD91F21077F00BA64C0 /* Resources */ = {
			isa = PBXResourcesBuildPhase;
			buildActionMask = 2147483647;
			files = (
			);
			runOnlyForDeploymentPostprocessing = 0;
		};
		7F78BFE41F21077F00BA64C0 /* Resources */ = {
			isa = PBXResourcesBuildPhase;
			buildActionMask = 2147483647;
			files = (
			);
			runOnlyForDeploymentPostprocessing = 0;
		};
/* End PBXResourcesBuildPhase section */

/* Begin PBXShellScriptBuildPhase section */
		2E9DF7D9086FBD63D50B966D /* [CP] Copy Pods Resources */ = {
			isa = PBXShellScriptBuildPhase;
			buildActionMask = 2147483647;
			files = (
			);
			inputPaths = (
			);
			name = "[CP] Copy Pods Resources";
			outputPaths = (
			);
			runOnlyForDeploymentPostprocessing = 0;
			shellPath = /bin/sh;
			shellScript = "\"${SRCROOT}/Pods/Target Support Files/Pods-Dear WatsonUITests/Pods-Dear WatsonUITests-resources.sh\"\n";
			showEnvVarsInLog = 0;
		};
		455A6F57A7DB80719CDA6119 /* [CP] Check Pods Manifest.lock */ = {
			isa = PBXShellScriptBuildPhase;
			buildActionMask = 2147483647;
			files = (
			);
			inputPaths = (
			);
			name = "[CP] Check Pods Manifest.lock";
			outputPaths = (
			);
			runOnlyForDeploymentPostprocessing = 0;
			shellPath = /bin/sh;
			shellScript = "diff \"${PODS_ROOT}/../Podfile.lock\" \"${PODS_ROOT}/Manifest.lock\" > /dev/null\nif [ $? != 0 ] ; then\n    # print error to STDERR\n    echo \"error: The sandbox is not in sync with the Podfile.lock. Run 'pod install' or update your CocoaPods installation.\" >&2\n    exit 1\nfi\n";
			showEnvVarsInLog = 0;
		};
		63FC24F644F9EF92F372A427 /* [CP] Copy Pods Resources */ = {
			isa = PBXShellScriptBuildPhase;
			buildActionMask = 2147483647;
			files = (
			);
			inputPaths = (
			);
			name = "[CP] Copy Pods Resources";
			outputPaths = (
			);
			runOnlyForDeploymentPostprocessing = 0;
			shellPath = /bin/sh;
			shellScript = "\"${SRCROOT}/Pods/Target Support Files/Pods-Dear WatsonTests/Pods-Dear WatsonTests-resources.sh\"\n";
			showEnvVarsInLog = 0;
		};
		87B66265FAA46138395ADE0B /* [CP] Embed Pods Frameworks */ = {
			isa = PBXShellScriptBuildPhase;
			buildActionMask = 2147483647;
			files = (
			);
			inputPaths = (
			);
			name = "[CP] Embed Pods Frameworks";
			outputPaths = (
			);
			runOnlyForDeploymentPostprocessing = 0;
			shellPath = /bin/sh;
			shellScript = "\"${SRCROOT}/Pods/Target Support Files/Pods-Dear Watson/Pods-Dear Watson-frameworks.sh\"\n";
			showEnvVarsInLog = 0;
		};
		95EC905693D17B97388F60D7 /* [CP] Embed Pods Frameworks */ = {
			isa = PBXShellScriptBuildPhase;
			buildActionMask = 2147483647;
			files = (
			);
			inputPaths = (
			);
			name = "[CP] Embed Pods Frameworks";
			outputPaths = (
			);
			runOnlyForDeploymentPostprocessing = 0;
			shellPath = /bin/sh;
			shellScript = "\"${SRCROOT}/Pods/Target Support Files/Pods-Dear WatsonTests/Pods-Dear WatsonTests-frameworks.sh\"\n";
			showEnvVarsInLog = 0;
		};
		B6D631B921459151860D69C5 /* [CP] Check Pods Manifest.lock */ = {
			isa = PBXShellScriptBuildPhase;
			buildActionMask = 2147483647;
			files = (
			);
			inputPaths = (
			);
			name = "[CP] Check Pods Manifest.lock";
			outputPaths = (
			);
			runOnlyForDeploymentPostprocessing = 0;
			shellPath = /bin/sh;
			shellScript = "diff \"${PODS_ROOT}/../Podfile.lock\" \"${PODS_ROOT}/Manifest.lock\" > /dev/null\nif [ $? != 0 ] ; then\n    # print error to STDERR\n    echo \"error: The sandbox is not in sync with the Podfile.lock. Run 'pod install' or update your CocoaPods installation.\" >&2\n    exit 1\nfi\n";
			showEnvVarsInLog = 0;
		};
		D1EC0E1010A7207E18A11A4A /* [CP] Check Pods Manifest.lock */ = {
			isa = PBXShellScriptBuildPhase;
			buildActionMask = 2147483647;
			files = (
			);
			inputPaths = (
			);
			name = "[CP] Check Pods Manifest.lock";
			outputPaths = (
			);
			runOnlyForDeploymentPostprocessing = 0;
			shellPath = /bin/sh;
			shellScript = "diff \"${PODS_ROOT}/../Podfile.lock\" \"${PODS_ROOT}/Manifest.lock\" > /dev/null\nif [ $? != 0 ] ; then\n    # print error to STDERR\n    echo \"error: The sandbox is not in sync with the Podfile.lock. Run 'pod install' or update your CocoaPods installation.\" >&2\n    exit 1\nfi\n";
			showEnvVarsInLog = 0;
		};
		F0E06C4F9997FB4729051332 /* [CP] Copy Pods Resources */ = {
			isa = PBXShellScriptBuildPhase;
			buildActionMask = 2147483647;
			files = (
			);
			inputPaths = (
			);
			name = "[CP] Copy Pods Resources";
			outputPaths = (
			);
			runOnlyForDeploymentPostprocessing = 0;
			shellPath = /bin/sh;
			shellScript = "\"${SRCROOT}/Pods/Target Support Files/Pods-Dear Watson/Pods-Dear Watson-resources.sh\"\n";
			showEnvVarsInLog = 0;
		};
		FE8B4B1573F0A7C4A03E03C3 /* [CP] Embed Pods Frameworks */ = {
			isa = PBXShellScriptBuildPhase;
			buildActionMask = 2147483647;
			files = (
			);
			inputPaths = (
			);
			name = "[CP] Embed Pods Frameworks";
			outputPaths = (
			);
			runOnlyForDeploymentPostprocessing = 0;
			shellPath = /bin/sh;
			shellScript = "\"${SRCROOT}/Pods/Target Support Files/Pods-Dear WatsonUITests/Pods-Dear WatsonUITests-frameworks.sh\"\n";
			showEnvVarsInLog = 0;
		};
/* End PBXShellScriptBuildPhase section */

/* Begin PBXSourcesBuildPhase section */
		7F78BFC01F21077F00BA64C0 /* Sources */ = {
			isa = PBXSourcesBuildPhase;
			buildActionMask = 2147483647;
			files = (
				BBBEA7321F21A2F4004F37F3 /* EmotionAnalyzer.swift in Sources */,
				7F1F10C61F2108E600580ED8 /* JournalInputViewController.swift in Sources */,
				7F1F10CA1F210A1300580ED8 /* JournalEntryTableViewCell.swift in Sources */,
				7F1F10C41F2108E100580ED8 /* JournalListViewController.swift in Sources */,
				7F0750FF1F21080A00C3731F /* AppleSpeechController.swift in Sources */,
				BB4460221F21352C0018542A /* PhraseGenerator.swift in Sources */,
				7F78BFD01F21077F00BA64C0 /* Dear_Watson.xcdatamodeld in Sources */,
				7F1F10C81F2108EE00580ED8 /* PersonInformationViewController.swift in Sources */,
				7F78BFC81F21077F00BA64C0 /* AppDelegate.swift in Sources */,
				7F0751001F21080A00C3731F /* ColorSchemer.swift in Sources */,
				7F0751011F21080A00C3731F /* InfoViewController.swift in Sources */,
			);
			runOnlyForDeploymentPostprocessing = 0;
		};
		7F78BFD71F21077F00BA64C0 /* Sources */ = {
			isa = PBXSourcesBuildPhase;
			buildActionMask = 2147483647;
			files = (
				7F78BFE01F21077F00BA64C0 /* Dear_WatsonTests.swift in Sources */,
			);
			runOnlyForDeploymentPostprocessing = 0;
		};
		7F78BFE21F21077F00BA64C0 /* Sources */ = {
			isa = PBXSourcesBuildPhase;
			buildActionMask = 2147483647;
			files = (
				7F78BFEB1F21077F00BA64C0 /* Dear_WatsonUITests.swift in Sources */,
			);
			runOnlyForDeploymentPostprocessing = 0;
		};
/* End PBXSourcesBuildPhase section */

/* Begin PBXTargetDependency section */
		7F78BFDD1F21077F00BA64C0 /* PBXTargetDependency */ = {
			isa = PBXTargetDependency;
			target = 7F78BFC31F21077F00BA64C0 /* Dear Watson */;
			targetProxy = 7F78BFDC1F21077F00BA64C0 /* PBXContainerItemProxy */;
		};
		7F78BFE81F21077F00BA64C0 /* PBXTargetDependency */ = {
			isa = PBXTargetDependency;
			target = 7F78BFC31F21077F00BA64C0 /* Dear Watson */;
			targetProxy = 7F78BFE71F21077F00BA64C0 /* PBXContainerItemProxy */;
		};
/* End PBXTargetDependency section */

/* Begin PBXVariantGroup section */
		7F78BFCB1F21077F00BA64C0 /* Main.storyboard */ = {
			isa = PBXVariantGroup;
			children = (
				7F78BFCC1F21077F00BA64C0 /* Base */,
			);
			name = Main.storyboard;
			sourceTree = "<group>";
		};
		7F78BFD31F21077F00BA64C0 /* LaunchScreen.storyboard */ = {
			isa = PBXVariantGroup;
			children = (
				7F78BFD41F21077F00BA64C0 /* Base */,
			);
			name = LaunchScreen.storyboard;
			sourceTree = "<group>";
		};
/* End PBXVariantGroup section */

/* Begin XCBuildConfiguration section */
		7F78BFED1F21077F00BA64C0 /* Debug */ = {
			isa = XCBuildConfiguration;
			buildSettings = {
				ALWAYS_SEARCH_USER_PATHS = NO;
				CLANG_ANALYZER_NONNULL = YES;
				CLANG_ANALYZER_NUMBER_OBJECT_CONVERSION = YES_AGGRESSIVE;
				CLANG_CXX_LANGUAGE_STANDARD = "gnu++0x";
				CLANG_CXX_LIBRARY = "libc++";
				CLANG_ENABLE_MODULES = YES;
				CLANG_ENABLE_OBJC_ARC = YES;
				CLANG_WARN_BOOL_CONVERSION = YES;
				CLANG_WARN_CONSTANT_CONVERSION = YES;
				CLANG_WARN_DIRECT_OBJC_ISA_USAGE = YES_ERROR;
				CLANG_WARN_DOCUMENTATION_COMMENTS = YES;
				CLANG_WARN_EMPTY_BODY = YES;
				CLANG_WARN_ENUM_CONVERSION = YES;
				CLANG_WARN_INFINITE_RECURSION = YES;
				CLANG_WARN_INT_CONVERSION = YES;
				CLANG_WARN_OBJC_ROOT_CLASS = YES_ERROR;
				CLANG_WARN_SUSPICIOUS_MOVE = YES;
				CLANG_WARN_UNREACHABLE_CODE = YES;
				CLANG_WARN__DUPLICATE_METHOD_MATCH = YES;
				"CODE_SIGN_IDENTITY[sdk=iphoneos*]" = "iPhone Developer";
				COPY_PHASE_STRIP = NO;
				DEBUG_INFORMATION_FORMAT = dwarf;
				ENABLE_STRICT_OBJC_MSGSEND = YES;
				ENABLE_TESTABILITY = YES;
				GCC_C_LANGUAGE_STANDARD = gnu99;
				GCC_DYNAMIC_NO_PIC = NO;
				GCC_NO_COMMON_BLOCKS = YES;
				GCC_OPTIMIZATION_LEVEL = 0;
				GCC_PREPROCESSOR_DEFINITIONS = (
					"DEBUG=1",
					"$(inherited)",
				);
				GCC_WARN_64_TO_32_BIT_CONVERSION = YES;
				GCC_WARN_ABOUT_RETURN_TYPE = YES_ERROR;
				GCC_WARN_UNDECLARED_SELECTOR = YES;
				GCC_WARN_UNINITIALIZED_AUTOS = YES_AGGRESSIVE;
				GCC_WARN_UNUSED_FUNCTION = YES;
				GCC_WARN_UNUSED_VARIABLE = YES;
				IPHONEOS_DEPLOYMENT_TARGET = 10.3;
				MTL_ENABLE_DEBUG_INFO = YES;
				ONLY_ACTIVE_ARCH = YES;
				SDKROOT = iphoneos;
				SWIFT_ACTIVE_COMPILATION_CONDITIONS = DEBUG;
				SWIFT_OPTIMIZATION_LEVEL = "-Onone";
				TARGETED_DEVICE_FAMILY = "1,2";
			};
			name = Debug;
		};
		7F78BFEE1F21077F00BA64C0 /* Release */ = {
			isa = XCBuildConfiguration;
			buildSettings = {
				ALWAYS_SEARCH_USER_PATHS = NO;
				CLANG_ANALYZER_NONNULL = YES;
				CLANG_ANALYZER_NUMBER_OBJECT_CONVERSION = YES_AGGRESSIVE;
				CLANG_CXX_LANGUAGE_STANDARD = "gnu++0x";
				CLANG_CXX_LIBRARY = "libc++";
				CLANG_ENABLE_MODULES = YES;
				CLANG_ENABLE_OBJC_ARC = YES;
				CLANG_WARN_BOOL_CONVERSION = YES;
				CLANG_WARN_CONSTANT_CONVERSION = YES;
				CLANG_WARN_DIRECT_OBJC_ISA_USAGE = YES_ERROR;
				CLANG_WARN_DOCUMENTATION_COMMENTS = YES;
				CLANG_WARN_EMPTY_BODY = YES;
				CLANG_WARN_ENUM_CONVERSION = YES;
				CLANG_WARN_INFINITE_RECURSION = YES;
				CLANG_WARN_INT_CONVERSION = YES;
				CLANG_WARN_OBJC_ROOT_CLASS = YES_ERROR;
				CLANG_WARN_SUSPICIOUS_MOVE = YES;
				CLANG_WARN_UNREACHABLE_CODE = YES;
				CLANG_WARN__DUPLICATE_METHOD_MATCH = YES;
				"CODE_SIGN_IDENTITY[sdk=iphoneos*]" = "iPhone Developer";
				COPY_PHASE_STRIP = NO;
				DEBUG_INFORMATION_FORMAT = "dwarf-with-dsym";
				ENABLE_NS_ASSERTIONS = NO;
				ENABLE_STRICT_OBJC_MSGSEND = YES;
				GCC_C_LANGUAGE_STANDARD = gnu99;
				GCC_NO_COMMON_BLOCKS = YES;
				GCC_WARN_64_TO_32_BIT_CONVERSION = YES;
				GCC_WARN_ABOUT_RETURN_TYPE = YES_ERROR;
				GCC_WARN_UNDECLARED_SELECTOR = YES;
				GCC_WARN_UNINITIALIZED_AUTOS = YES_AGGRESSIVE;
				GCC_WARN_UNUSED_FUNCTION = YES;
				GCC_WARN_UNUSED_VARIABLE = YES;
				IPHONEOS_DEPLOYMENT_TARGET = 10.3;
				MTL_ENABLE_DEBUG_INFO = NO;
				SDKROOT = iphoneos;
				SWIFT_OPTIMIZATION_LEVEL = "-Owholemodule";
				TARGETED_DEVICE_FAMILY = "1,2";
				VALIDATE_PRODUCT = YES;
			};
			name = Release;
		};
		7F78BFF01F21077F00BA64C0 /* Debug */ = {
			isa = XCBuildConfiguration;
			baseConfigurationReference = 34829CA86F658B1CB84A3464 /* Pods-Dear Watson.debug.xcconfig */;
			buildSettings = {
				ASSETCATALOG_COMPILER_APPICON_NAME = AppIcon;
				DEVELOPMENT_TEAM = 9XWYL3K4YT;
				INFOPLIST_FILE = "Dear Watson/Info.plist";
				IPHONEOS_DEPLOYMENT_TARGET = 10.3;
				LD_RUNPATH_SEARCH_PATHS = "$(inherited) @executable_path/Frameworks";
				PRODUCT_BUNDLE_IDENTIFIER = "IBM.Dear-Watson";
				PRODUCT_NAME = "$(TARGET_NAME)";
				SWIFT_VERSION = 3.0;
			};
			name = Debug;
		};
		7F78BFF11F21077F00BA64C0 /* Release */ = {
			isa = XCBuildConfiguration;
			baseConfigurationReference = 864DE619BDA53C58C1E7780A /* Pods-Dear Watson.release.xcconfig */;
			buildSettings = {
				ASSETCATALOG_COMPILER_APPICON_NAME = AppIcon;
				DEVELOPMENT_TEAM = 9XWYL3K4YT;
				INFOPLIST_FILE = "Dear Watson/Info.plist";
				IPHONEOS_DEPLOYMENT_TARGET = 10.3;
				LD_RUNPATH_SEARCH_PATHS = "$(inherited) @executable_path/Frameworks";
				PRODUCT_BUNDLE_IDENTIFIER = "IBM.Dear-Watson";
				PRODUCT_NAME = "$(TARGET_NAME)";
				SWIFT_VERSION = 3.0;
			};
			name = Release;
		};
		7F78BFF31F21077F00BA64C0 /* Debug */ = {
			isa = XCBuildConfiguration;
			baseConfigurationReference = 0D06661A2D5D0D90BD6DAB38 /* Pods-Dear WatsonTests.debug.xcconfig */;
			buildSettings = {
				ALWAYS_EMBED_SWIFT_STANDARD_LIBRARIES = YES;
				BUNDLE_LOADER = "$(TEST_HOST)";
				INFOPLIST_FILE = "Dear WatsonTests/Info.plist";
				LD_RUNPATH_SEARCH_PATHS = "$(inherited) @executable_path/Frameworks @loader_path/Frameworks";
				PRODUCT_BUNDLE_IDENTIFIER = "IBM.Dear-WatsonTests";
				PRODUCT_NAME = "$(TARGET_NAME)";
				SWIFT_VERSION = 3.0;
				TEST_HOST = "$(BUILT_PRODUCTS_DIR)/Dear Watson.app/Dear Watson";
			};
			name = Debug;
		};
		7F78BFF41F21077F00BA64C0 /* Release */ = {
			isa = XCBuildConfiguration;
			baseConfigurationReference = DF39162549A0998CD50C0C87 /* Pods-Dear WatsonTests.release.xcconfig */;
			buildSettings = {
				ALWAYS_EMBED_SWIFT_STANDARD_LIBRARIES = YES;
				BUNDLE_LOADER = "$(TEST_HOST)";
				INFOPLIST_FILE = "Dear WatsonTests/Info.plist";
				LD_RUNPATH_SEARCH_PATHS = "$(inherited) @executable_path/Frameworks @loader_path/Frameworks";
				PRODUCT_BUNDLE_IDENTIFIER = "IBM.Dear-WatsonTests";
				PRODUCT_NAME = "$(TARGET_NAME)";
				SWIFT_VERSION = 3.0;
				TEST_HOST = "$(BUILT_PRODUCTS_DIR)/Dear Watson.app/Dear Watson";
			};
			name = Release;
		};
		7F78BFF61F21077F00BA64C0 /* Debug */ = {
			isa = XCBuildConfiguration;
			baseConfigurationReference = EC24F6CCA9DE4C6156CDAB74 /* Pods-Dear WatsonUITests.debug.xcconfig */;
			buildSettings = {
				ALWAYS_EMBED_SWIFT_STANDARD_LIBRARIES = YES;
				INFOPLIST_FILE = "Dear WatsonUITests/Info.plist";
				LD_RUNPATH_SEARCH_PATHS = "$(inherited) @executable_path/Frameworks @loader_path/Frameworks";
				PRODUCT_BUNDLE_IDENTIFIER = "IBM.Dear-WatsonUITests";
				PRODUCT_NAME = "$(TARGET_NAME)";
				SWIFT_VERSION = 3.0;
				TEST_TARGET_NAME = "Dear Watson";
			};
			name = Debug;
		};
		7F78BFF71F21077F00BA64C0 /* Release */ = {
			isa = XCBuildConfiguration;
			baseConfigurationReference = D25DDE9059A3E99FBA40BD35 /* Pods-Dear WatsonUITests.release.xcconfig */;
			buildSettings = {
				ALWAYS_EMBED_SWIFT_STANDARD_LIBRARIES = YES;
				INFOPLIST_FILE = "Dear WatsonUITests/Info.plist";
				LD_RUNPATH_SEARCH_PATHS = "$(inherited) @executable_path/Frameworks @loader_path/Frameworks";
				PRODUCT_BUNDLE_IDENTIFIER = "IBM.Dear-WatsonUITests";
				PRODUCT_NAME = "$(TARGET_NAME)";
				SWIFT_VERSION = 3.0;
				TEST_TARGET_NAME = "Dear Watson";
			};
			name = Release;
		};
/* End XCBuildConfiguration section */

/* Begin XCConfigurationList section */
		7F78BFBF1F21077F00BA64C0 /* Build configuration list for PBXProject "Dear Watson" */ = {
			isa = XCConfigurationList;
			buildConfigurations = (
				7F78BFED1F21077F00BA64C0 /* Debug */,
				7F78BFEE1F21077F00BA64C0 /* Release */,
			);
			defaultConfigurationIsVisible = 0;
			defaultConfigurationName = Release;
		};
		7F78BFEF1F21077F00BA64C0 /* Build configuration list for PBXNativeTarget "Dear Watson" */ = {
			isa = XCConfigurationList;
			buildConfigurations = (
				7F78BFF01F21077F00BA64C0 /* Debug */,
				7F78BFF11F21077F00BA64C0 /* Release */,
			);
			defaultConfigurationIsVisible = 0;
			defaultConfigurationName = Release;
		};
		7F78BFF21F21077F00BA64C0 /* Build configuration list for PBXNativeTarget "Dear WatsonTests" */ = {
			isa = XCConfigurationList;
			buildConfigurations = (
				7F78BFF31F21077F00BA64C0 /* Debug */,
				7F78BFF41F21077F00BA64C0 /* Release */,
			);
			defaultConfigurationIsVisible = 0;
			defaultConfigurationName = Release;
		};
		7F78BFF51F21077F00BA64C0 /* Build configuration list for PBXNativeTarget "Dear WatsonUITests" */ = {
			isa = XCConfigurationList;
			buildConfigurations = (
				7F78BFF61F21077F00BA64C0 /* Debug */,
				7F78BFF71F21077F00BA64C0 /* Release */,
			);
			defaultConfigurationIsVisible = 0;
			defaultConfigurationName = Release;
		};
/* End XCConfigurationList section */

/* Begin XCVersionGroup section */
		7F78BFCE1F21077F00BA64C0 /* Dear_Watson.xcdatamodeld */ = {
			isa = XCVersionGroup;
			children = (
				7F78BFCF1F21077F00BA64C0 /* Dear_Watson.xcdatamodel */,
			);
			currentVersion = 7F78BFCF1F21077F00BA64C0 /* Dear_Watson.xcdatamodel */;
			path = Dear_Watson.xcdatamodeld;
			sourceTree = "<group>";
			versionGroupType = wrapper.xcdatamodel;
		};
/* End XCVersionGroup section */
	};
	rootObject = 7F78BFBC1F21077F00BA64C0 /* Project object */;
}
